{
    "name": "bookstore-cds",
    "version": "1.0.0",
    "lockfileVersion": 3,
    "requires": true,
    "packages": {
        "": {
            "name": "bookstore-cds",
            "version": "1.0.0",
            "license": "ISC",
            "dependencies": {
                "@sap/capire-products": "file:sap-capire-products-1.0.0.tgz"
            }
        },
        "node_modules/@sap/capire-products": {
            "version": "1.0.0",
            "resolved": "file:sap-capire-products-1.0.0.tgz",
            "integrity": "sha512-K7trAu0+/3uD41JCAX45dqiGEVR1nh2J4m2iym67BhTRh0zHKj1GS1OHIIoaOv585eNnY/T9obK9WsI2Sd15DQ==",
            "license": "ISC"
        }
    }
}
